# THIS IS AN AUTOGENERATED FILE. DO NOT EDIT THIS FILE DIRECTLY.
# yarn lockfile v1


"@esbuild/linux-x64@0.18.17":
  version "0.18.17"
  resolved "https://registry.npmjs.org/@esbuild/linux-x64/-/linux-x64-0.18.17.tgz"
  integrity sha512-QM50vJ/y+8I60qEmFxMoxIx4de03pGo2HwxdBeFd4nMh364X6TIBZ6VQ5UQmPbQWUVWHWws5MmJXlHAXvJEmpQ==

"@getalby/bitcoin-connect@file:../..":
  version "3.3.0"
  resolved "file:../.."
  dependencies:
    "@getalby/lightning-tools" "^5.0.3"
    "@getalby/sdk" "^3.2.3"
    "@lightninglabs/lnc-web" "^0.3.1-alpha"
    qrcode-generator "^1.4.4"
    zustand "^4.4.7"

"@lit-labs/ssr-dom-shim@^1.1.2-pre.0":
  version "1.1.2"
  resolved "https://registry.npmjs.org/@lit-labs/ssr-dom-shim/-/ssr-dom-shim-1.1.2.tgz"
  integrity sha512-jnOD+/+dSrfTWYfSXBXlo5l5f0q1UuJo3tkbMDCYA2lKUYq79jaxqtGEvnRoh049nt1vdo1+45RinipU6FGY2g==

"@lit/reactive-element@^2.0.0":
  version "2.0.0"
  resolved "https://registry.npmjs.org/@lit/reactive-element/-/reactive-element-2.0.0.tgz"
  integrity sha512-wn+2+uDcs62ROBmVAwssO4x5xue/uKD3MGGZOXL2sMxReTRIT0JXKyMXeu7gh0aJ4IJNEIG/3aOnUaQvM7BMzQ==
  dependencies:
    "@lit-labs/ssr-dom-shim" "^1.1.2-pre.0"

"@types/trusted-types@^2.0.2":
  version "2.0.3"
  resolved "https://registry.npmjs.org/@types/trusted-types/-/trusted-types-2.0.3.tgz"
  integrity sha512-NfQ4gyz38SL8sDNrSixxU2Os1a5xcdFxipAFxYEuLUlvU2uDwS4NUpsImcf1//SlWItCVMMLiylsxbmNMToV/g==

esbuild@^0.18.10:
  version "0.18.17"
  resolved "https://registry.npmjs.org/esbuild/-/esbuild-0.18.17.tgz"
  integrity sha512-1GJtYnUxsJreHYA0Y+iQz2UEykonY66HNWOb0yXYZi9/kNrORUEHVg87eQsCtqh59PEJ5YVZJO98JHznMJSWjg==
  optionalDependencies:
    "@esbuild/android-arm" "0.18.17"
    "@esbuild/android-arm64" "0.18.17"
    "@esbuild/android-x64" "0.18.17"
    "@esbuild/darwin-arm64" "0.18.17"
    "@esbuild/darwin-x64" "0.18.17"
    "@esbuild/freebsd-arm64" "0.18.17"
    "@esbuild/freebsd-x64" "0.18.17"
    "@esbuild/linux-arm" "0.18.17"
    "@esbuild/linux-arm64" "0.18.17"
    "@esbuild/linux-ia32" "0.18.17"
    "@esbuild/linux-loong64" "0.18.17"
    "@esbuild/linux-mips64el" "0.18.17"
    "@esbuild/linux-ppc64" "0.18.17"
    "@esbuild/linux-riscv64" "0.18.17"
    "@esbuild/linux-s390x" "0.18.17"
    "@esbuild/linux-x64" "0.18.17"
    "@esbuild/netbsd-x64" "0.18.17"
    "@esbuild/openbsd-x64" "0.18.17"
    "@esbuild/sunos-x64" "0.18.17"
    "@esbuild/win32-arm64" "0.18.17"
    "@esbuild/win32-ia32" "0.18.17"
    "@esbuild/win32-x64" "0.18.17"

lit-element@^4.0.0:
  version "4.0.0"
  resolved "https://registry.npmjs.org/lit-element/-/lit-element-4.0.0.tgz"
  integrity sha512-N6+f7XgusURHl69DUZU6sTBGlIN+9Ixfs3ykkNDfgfTkDYGGOWwHAYBhDqVswnFGyWgQYR2KiSpu4J76Kccs/A==
  dependencies:
    "@lit-labs/ssr-dom-shim" "^1.1.2-pre.0"
    "@lit/reactive-element" "^2.0.0"
    lit-html "^3.0.0"

lit-html@^3.0.0:
  version "3.0.0"
  resolved "https://registry.npmjs.org/lit-html/-/lit-html-3.0.0.tgz"
  integrity sha512-DNJIE8dNY0dQF2Gs0sdMNUppMQT2/CvV4OVnSdg7BXAsGqkVwsE5bqQ04POfkYH5dBIuGnJYdFz5fYYyNnOxiA==
  dependencies:
    "@types/trusted-types" "^2.0.2"

lit@^3.0.0:
  version "3.0.0"
  resolved "https://registry.npmjs.org/lit/-/lit-3.0.0.tgz"
  integrity sha512-nQ0teRzU1Kdj++VdmttS2WvIen8M79wChJ6guRKIIym2M3Ansg3Adj9O6yuQh2IpjxiUXlNuS81WKlQ4iL3BmA==
  dependencies:
    "@lit/reactive-element" "^2.0.0"
    lit-element "^4.0.0"
    lit-html "^3.0.0"

nanoid@^3.3.6:
  version "3.3.6"
  resolved "https://registry.npmjs.org/nanoid/-/nanoid-3.3.6.tgz"
  integrity sha512-BGcqMMJuToF7i1rt+2PWSNVnWIkGCU78jBG3RxO/bZlnZPK2Cmi2QaffxGO/2RvWi9sL+FAiRiXMgsyxQ1DIDA==

picocolors@^1.0.0:
  version "1.0.0"
  resolved "https://registry.npmjs.org/picocolors/-/picocolors-1.0.0.tgz"
  integrity sha512-1fygroTLlHu66zi26VoTDv8yRgm0Fccecssto+MhsZ0D/DGW2sm8E8AjW7NU5VVTRt5GxbeZ5qBuJr+HyLYkjQ==

postcss@^8.4.26:
  version "8.4.27"
  resolved "https://registry.npmjs.org/postcss/-/postcss-8.4.27.tgz"
  integrity sha512-gY/ACJtJPSmUFPDCHtX78+01fHa64FaU4zaaWfuh1MhGJISufJAH4cun6k/8fwsHYeK4UQmENQK+tRLCFJE8JQ==
  dependencies:
    nanoid "^3.3.6"
    picocolors "^1.0.0"
    source-map-js "^1.0.2"

rollup@^3.25.2:
  version "3.27.2"
  resolved "https://registry.npmjs.org/rollup/-/rollup-3.27.2.tgz"
  integrity sha512-YGwmHf7h2oUHkVBT248x0yt6vZkYQ3/rvE5iQuVBh3WO8GcJ6BNeOkpoX1yMHIiBm18EMLjBPIoUDkhgnyxGOQ==
  optionalDependencies:
    fsevents "~2.3.2"

source-map-js@^1.0.2:
  version "1.0.2"
  resolved "https://registry.npmjs.org/source-map-js/-/source-map-js-1.0.2.tgz"
  integrity sha512-R0XvVJ9WusLiqTCEiGCmICCMplcCkIwwR11mOSD9CR5u+IXYdiseeEuXCVAjS54zqwkLcPNnmU4OeJ6tUrWhDw==

typescript@^5.0.2:
  version "5.1.6"
  resolved "https://registry.npmjs.org/typescript/-/typescript-5.1.6.tgz"
  integrity sha512-zaWCozRZ6DLEWAWFrVDz1H6FVXzUSfTy5FUMWsQlU8Ym5JP9eO4xkTIROFCQvhQf61z6O/G6ugw3SgAnvvm+HA==

vite@^4.4.5:
  version "4.4.8"
  resolved "https://registry.npmjs.org/vite/-/vite-4.4.8.tgz"
  integrity sha512-LONawOUUjxQridNWGQlNizfKH89qPigK36XhMI7COMGztz8KNY0JHim7/xDd71CZwGT4HtSRgI7Hy+RlhG0Gvg==
  dependencies:
    esbuild "^0.18.10"
    postcss "^8.4.26"
    rollup "^3.25.2"
  optionalDependencies:
    fsevents "~2.3.2"
